
Microsoft Visual Studio Solution File, Format Version 12.00
# Visual Studio Version 17
VisualStudioVersion = 17.0.31903.59
MinimumVisualStudioVersion = 10.0.40219.1
Project("{9A19103F-16F7-4668-BE54-9A1E7A4F7556}") = "AssembliesDemo-Eman", "..\RoadToMidLevel\CSharp\AssembliesDemo-Eman\AssembliesDemo-Eman.csproj", "{490C909D-53E4-4999-A447-CB02026567F3}"
EndProject
Project("{9A19103F-16F7-4668-BE54-9A1E7A4F7556}") = "ReflectionDemo-Eman", "..\RoadToMidLevel\CSharp\ReflectionDemo-Eman\ReflectionDemo-Eman.csproj", "{C82D5022-BF7A-4705-85C7-8ED6F5AA5CFF}"
EndProject
Global
	GlobalSection(SolutionConfigurationPlatforms) = preSolution
		Debug|Any CPU = Debug|Any CPU
		Release|Any CPU = Release|Any CPU
	EndGlobalSection
	GlobalSection(ProjectConfigurationPlatforms) = postSolution
		{490C909D-53E4-4999-A447-CB02026567F3}.Debug|Any CPU.ActiveCfg = Debug|Any CPU
		{490C909D-53E4-4999-A447-CB02026567F3}.Debug|Any CPU.Build.0 = Debug|Any CPU
		{490C909D-53E4-4999-A447-CB02026567F3}.Release|Any CPU.ActiveCfg = Release|Any CPU
		{490C909D-53E4-4999-A447-CB02026567F3}.Release|Any CPU.Build.0 = Release|Any CPU
		{C82D5022-BF7A-4705-85C7-8ED6F5AA5CFF}.Debug|Any CPU.ActiveCfg = Debug|Any CPU
		{C82D5022-BF7A-4705-85C7-8ED6F5AA5CFF}.Debug|Any CPU.Build.0 = Debug|Any CPU
		{C82D5022-BF7A-4705-85C7-8ED6F5AA5CFF}.Release|Any CPU.ActiveCfg = Release|Any CPU
		{C82D5022-BF7A-4705-85C7-8ED6F5AA5CFF}.Release|Any CPU.Build.0 = Release|Any CPU
	EndGlobalSection
	GlobalSection(SolutionProperties) = preSolution
		HideSolutionNode = FALSE
	EndGlobalSection
	GlobalSection(ExtensibilityGlobals) = postSolution
		SolutionGuid = {17625C3B-2F59-49D5-B85F-A21AB1C3F9A9}
	EndGlobalSection
EndGlobal
