
Microsoft Visual Studio Solution File, Format Version 12.00
# Visual Studio Version 17
VisualStudioVersion = 17.10.35122.118
MinimumVisualStudioVersion = 10.0.40219.1
Project("{9A19103F-16F7-4668-BE54-9A1E7A4F7556}") = "AsyncProgrammingDemo", "AsyncProgrammingDemo.csproj", "{8498F2BC-5C47-4A0B-BCA9-1C22D50B3EC9}"
EndProject
Global
	GlobalSection(SolutionConfigurationPlatforms) = preSolution
		Debug|Any CPU = Debug|Any CPU
		Release|Any CPU = Release|Any CPU
	EndGlobalSection
	GlobalSection(ProjectConfigurationPlatforms) = postSolution
		{8498F2BC-5C47-4A0B-BCA9-1C22D50B3EC9}.Debug|Any CPU.ActiveCfg = Debug|Any CPU
		{8498F2BC-5C47-4A0B-BCA9-1C22D50B3EC9}.Debug|Any CPU.Build.0 = Debug|Any CPU
		{8498F2BC-5C47-4A0B-BCA9-1C22D50B3EC9}.Release|Any CPU.ActiveCfg = Release|Any CPU
		{8498F2BC-5C47-4A0B-BCA9-1C22D50B3EC9}.Release|Any CPU.Build.0 = Release|Any CPU
	EndGlobalSection
	GlobalSection(SolutionProperties) = preSolution
		HideSolutionNode = FALSE
	EndGlobalSection
	GlobalSection(ExtensibilityGlobals) = postSolution
		SolutionGuid = {05C44F09-8C82-4DD4-B1C9-3FADA672CA73}
	EndGlobalSection
EndGlobal
